hash: d7343375be1b1718a4d14b0deb7538f34d371ebddbf5485bd28b81e992978665
updated: 2018-09-12T14:30:14.326464-07:00
imports:
- name: github.com/BurntSushi/toml
  version: 3012a1dbe2e4bd1391d42b32f0577cb7bbc7f005
- name: github.com/doublefree/sumorus
  version: ba9b9adeebc03f5de9558cfb2423be4246289a78
- name: github.com/go-redis/redis
  version: f3bba01df2026fc865f7782948845db9cf44cf23
  subpackages:
  - internal
  - internal/consistenthash
  - internal/hashtag
  - internal/pool
  - internal/proto
  - internal/singleflight
  - internal/util
- name: github.com/gorilla/handlers
  version: 7e0847f9db758cdebd26c149d0ae9d5d0b9c98ce
- name: github.com/gorilla/mux
  version: 9e1f5955c0d22b55d9e20d6faa28589f83b2faca
- name: github.com/jstemmer/go-junit-report
  version: 385fac0ced9acaae6dc5b39144194008ded00697
- name: github.com/op/go-logging
  version: 970db520ece77730c7e4724c61121037378659d9
- name: github.com/sirupsen/logrus
  version: f3df9aeffda7c12bd9f5a03f9251d75d35993165
- name: github.com/Sirupsen/logrus
  version: f3df9aeffda7c12bd9f5a03f9251d75d35993165
  repo: git@github.com:/sirupsen/logrus
  vcs: git
- name: github.com/tylerconlee/slack
  version: 1bf41f4946f8f48d01f4fff42b371cac6c1d2627
- name: golang.org/x/crypto
  version: 0e37d006457bf46f9e6692014ba72ef82c33022c
  subpackages:
  - ssh/terminal
- name: golang.org/x/net
  version: 26e67e76b6c3f6ce91f7c52def5af501b4e0f3a2
  subpackages:
  - websocket
- name: golang.org/x/sys
  version: d0be0721c37eeb5299f245a996a483160fc36940
  subpackages:
  - unix
  - windows
testImports: []
